schema = "reprobuild.solved-graph-lock.v2"

[lock]
platform = "amd64-linux"
optimal = false
inputs_digest = "fnv1a64:10225561cc1a6a59"
variants = []
packages = [{ name = "codetracer_trace_format_nim", version = "0.1.0", source = "codetracer_trace_format_nim", selection = "selected" }, { name = "gcc", version = "12.0.0", source = "gcc", selection = "selected" }, { name = "nim", version = "2.2.0", source = "nim", selection = "selected" }, { name = "nimble", version = "1.0.0", source = "nimble", selection = "selected" }]
deps = [{ name = "codetracer-trace-format-nim", path = ".", coord_kind = "vcs", url = "https://github.com/metacraft-labs/codetracer-trace-format-nim", ref = "dev", revision = "f84ecdea3c7c9603969f3cf63d594b201f39440e", integrity = "git-sha1:f84ecdea3c7c9603969f3cf63d594b201f39440e", version = "", visibility = "public", participation = "", depends = "", tags = "" }]
